
Microsoft Visual Studio Solution File, Format Version 12.00
# Visual Studio Version 17
VisualStudioVersion = 17.5.33424.131
MinimumVisualStudioVersion = 10.0.40219.1
Project("{FAE04EC0-301F-11D3-BF4B-00C04F79EFBC}") = "PALATA_C#_DoTeamBalance", "PALATA_C#_DoTeamBalance\PALATA_C#_DoTeamBalance.csproj", "{FEA22AC2-CB87-47C2-BF63-EB578775A86A}"
EndProject
Global
	GlobalSection(SolutionConfigurationPlatforms) = preSolution
		Debug|Any CPU = Debug|Any CPU
		Release|Any CPU = Release|Any CPU
	EndGlobalSection
	GlobalSection(ProjectConfigurationPlatforms) = postSolution
		{FEA22AC2-CB87-47C2-BF63-EB578775A86A}.Debug|Any CPU.ActiveCfg = Debug|Any CPU
		{FEA22AC2-CB87-47C2-BF63-EB578775A86A}.Debug|Any CPU.Build.0 = Debug|Any CPU
		{FEA22AC2-CB87-47C2-BF63-EB578775A86A}.Release|Any CPU.ActiveCfg = Release|Any CPU
		{FEA22AC2-CB87-47C2-BF63-EB578775A86A}.Release|Any CPU.Build.0 = Release|Any CPU
	EndGlobalSection
	GlobalSection(SolutionProperties) = preSolution
		HideSolutionNode = FALSE
	EndGlobalSection
	GlobalSection(ExtensibilityGlobals) = postSolution
		SolutionGuid = {2A0DEA13-67C3-49F1-9CC0-3139E18C9128}
	EndGlobalSection
EndGlobal
